// !$*UTF8*$!
{
	archiveVersion = 1;
	classes = {
	};
	objectVersion = 77;
	objects = {

/* Begin PBXContainerItemProxy section */
		180FB6F42DD0E2DD00EB965D /* PBXContainerItemProxy */ = {
			isa = PBXContainerItemProxy;
			containerPortal = 180FB6DB2DD0E2DC00EB965D /* Project object */;
			proxyType = 1;
			remoteGlobalIDString = 180FB6E22DD0E2DC00EB965D;
			remoteInfo = pg_admin;
		};
		180FB6FE2DD0E2DD00EB965D /* PBXContainerItemProxy */ = {
			isa = PBXContainerItemProxy;
			containerPortal = 180FB6DB2DD0E2DC00EB965D /* Project object */;
			proxyType = 1;
			remoteGlobalIDString = 180FB6E22DD0E2DC00EB965D;
			remoteInfo = pg_admin;
		};
/* End PBXContainerItemProxy section */

/* Begin PBXFileReference section */
		180FB6E32DD0E2DC00EB965D /* pg_admin.app */ = {isa = PBXFileReference; explicitFileType = wrapper.application; includeInIndex = 0; path = pg_admin.app; sourceTree = BUILT_PRODUCTS_DIR; };
		180FB6F32DD0E2DD00EB965D /* pg_adminTests.xctest */ = {isa = PBXFileReference; explicitFileType = wrapper.cfbundle; includeInIndex = 0; path = pg_adminTests.xctest; sourceTree = BUILT_PRODUCTS_DIR; };
		180FB6FD2DD0E2DD00EB965D /* pg_adminUITests.xctest */ = {isa = PBXFileReference; explicitFileType = wrapper.cfbundle; includeInIndex = 0; path = pg_adminUITests.xctest; sourceTree = BUILT_PRODUCTS_DIR; };
/* End PBXFileReference section */

/* Begin PBXFileSystemSynchronizedRootGroup section */
		180FB6E52DD0E2DC00EB965D /* pg_admin */ = {
			isa = PBXFileSystemSynchronizedRootGroup;
			path = pg_admin;
			sourceTree = "<group>";
		};
		180FB6F62DD0E2DD00EB965D /* pg_adminTests */ = {
			isa = PBXFileSystemSynchronizedRootGroup;
			path = pg_adminTests;
			sourceTree = "<group>";
		};
		180FB7002DD0E2DD00EB965D /* pg_adminUITests */ = {
			isa = PBXFileSystemSynchronizedRootGroup;
			path = pg_adminUITests;
			sourceTree = "<group>";
		};
/* End PBXFileSystemSynchronizedRootGroup section */

/* Begin PBXFrameworksBuildPhase section */
		180FB6E02DD0E2DC00EB965D /* Frameworks */ = {
			isa = PBXFrameworksBuildPhase;
			buildActionMask = 2147483647;
			files = (
			);
			runOnlyForDeploymentPostprocessing = 0;
		};
		180FB6F02DD0E2DD00EB965D /* Frameworks */ = {
			isa = PBXFrameworksBuildPhase;
			buildActionMask = 2147483647;
			files = (
			);
			runOnlyForDeploymentPostprocessing = 0;
		};
		180FB6FA2DD0E2DD00EB965D /* Frameworks */ = {
			isa = PBXFrameworksBuildPhase;
			buildActionMask = 2147483647;
			files = (
			);
			runOnlyForDeploymentPostprocessing = 0;
		};
/* End PBXFrameworksBuildPhase section */

/* Begin PBXGroup section */
		180FB6DA2DD0E2DC00EB965D = {
			isa = PBXGroup;
			children = (
				180FB6E52DD0E2DC00EB965D /* pg_admin */,
				180FB6F62DD0E2DD00EB965D /* pg_adminTests */,
				180FB7002DD0E2DD00EB965D /* pg_adminUITests */,
				180FB6E42DD0E2DC00EB965D /* Products */,
			);
			sourceTree = "<group>";
		};
		180FB6E42DD0E2DC00EB965D /* Products */ = {
			isa = PBXGroup;
			children = (
				180FB6E32DD0E2DC00EB965D /* pg_admin.app */,
				180FB6F32DD0E2DD00EB965D /* pg_adminTests.xctest */,
				180FB6FD2DD0E2DD00EB965D /* pg_adminUITests.xctest */,
			);
			name = Products;
			sourceTree = "<group>";
		};
/* End PBXGroup section */

/* Begin PBXNativeTarget section */
		180FB6E22DD0E2DC00EB965D /* pg_admin */ = {
			isa = PBXNativeTarget;
			buildConfigurationList = 180FB7072DD0E2DD00EB965D /* Build configuration list for PBXNativeTarget "pg_admin" */;
			buildPhases = (
				180FB6DF2DD0E2DC00EB965D /* Sources */,
				180FB6E02DD0E2DC00EB965D /* Frameworks */,
				180FB6E12DD0E2DC00EB965D /* Resources */,
			);
			buildRules = (
			);
			dependencies = (
			);
			fileSystemSynchronizedGroups = (
				180FB6E52DD0E2DC00EB965D /* pg_admin */,
			);
			name = pg_admin;
			packageProductDependencies = (
			);
			productName = pg_admin;
			productReference = 180FB6E32DD0E2DC00EB965D /* pg_admin.app */;
			productType = "com.apple.product-type.application";
		};
		180FB6F22DD0E2DD00EB965D /* pg_adminTests */ = {
			isa = PBXNativeTarget;
			buildConfigurationList = 180FB70A2DD0E2DD00EB965D /* Build configuration list for PBXNativeTarget "pg_adminTests" */;
			buildPhases = (
				180FB6EF2DD0E2DD00EB965D /* Sources */,
				180FB6F02DD0E2DD00EB965D /* Frameworks */,
				180FB6F12DD0E2DD00EB965D /* Resources */,
			);
			buildRules = (
			);
			dependencies = (
				180FB6F52DD0E2DD00EB965D /* PBXTargetDependency */,
			);
			fileSystemSynchronizedGroups = (
				180FB6F62DD0E2DD00EB965D /* pg_adminTests */,
			);
			name = pg_adminTests;
			packageProductDependencies = (
			);
			productName = pg_adminTests;
			productReference = 180FB6F32DD0E2DD00EB965D /* pg_adminTests.xctest */;
			productType = "com.apple.product-type.bundle.unit-test";
		};
		180FB6FC2DD0E2DD00EB965D /* pg_adminUITests */ = {
			isa = PBXNativeTarget;
			buildConfigurationList = 180FB70D2DD0E2DD00EB965D /* Build configuration list for PBXNativeTarget "pg_adminUITests" */;
			buildPhases = (
				180FB6F92DD0E2DD00EB965D /* Sources */,
				180FB6FA2DD0E2DD00EB965D /* Frameworks */,
				180FB6FB2DD0E2DD00EB965D /* Resources */,
			);
			buildRules = (
			);
			dependencies = (
				180FB6FF2DD0E2DD00EB965D /* PBXTargetDependency */,
			);
			fileSystemSynchronizedGroups = (
				180FB7002DD0E2DD00EB965D /* pg_adminUITests */,
			);
			name = pg_adminUITests;
			packageProductDependencies = (
			);
			productName = pg_adminUITests;
			productReference = 180FB6FD2DD0E2DD00EB965D /* pg_adminUITests.xctest */;
			productType = "com.apple.product-type.bundle.ui-testing";
		};
/* End PBXNativeTarget section */

/* Begin PBXProject section */
		180FB6DB2DD0E2DC00EB965D /* Project object */ = {
			isa = PBXProject;
			attributes = {
				BuildIndependentTargetsInParallel = 1;
				LastSwiftUpdateCheck = 1620;
				LastUpgradeCheck = 1620;
				TargetAttributes = {
					180FB6E22DD0E2DC00EB965D = {
						CreatedOnToolsVersion = 16.2;
					};
					180FB6F22DD0E2DD00EB965D = {
						CreatedOnToolsVersion = 16.2;
						TestTargetID = 180FB6E22DD0E2DC00EB965D;
					};
					180FB6FC2DD0E2DD00EB965D = {
						CreatedOnToolsVersion = 16.2;
						TestTargetID = 180FB6E22DD0E2DC00EB965D;
					};
				};
			};
			buildConfigurationList = 180FB6DE2DD0E2DC00EB965D /* Build configuration list for PBXProject "pg_admin" */;
			developmentRegion = en;
			hasScannedForEncodings = 0;
			knownRegions = (
				en,
				Base,
			);
			mainGroup = 180FB6DA2DD0E2DC00EB965D;
			minimizedProjectReferenceProxies = 1;
			preferredProjectObjectVersion = 77;
			productRefGroup = 180FB6E42DD0E2DC00EB965D /* Products */;
			projectDirPath = "";
			projectRoot = "";
			targets = (
				180FB6E22DD0E2DC00EB965D /* pg_admin */,
				180FB6F22DD0E2DD00EB965D /* pg_adminTests */,
				180FB6FC2DD0E2DD00EB965D /* pg_adminUITests */,
			);
		};
/* End PBXProject section */

/* Begin PBXResourcesBuildPhase section */
		180FB6E12DD0E2DC00EB965D /* Resources */ = {
			isa = PBXResourcesBuildPhase;
			buildActionMask = 2147483647;
			files = (
			);
			runOnlyForDeploymentPostprocessing = 0;
		};
		180FB6F12DD0E2DD00EB965D /* Resources */ = {
			isa = PBXResourcesBuildPhase;
			buildActionMask = 2147483647;
			files = (
			);
			runOnlyForDeploymentPostprocessing = 0;
		};
		180FB6FB2DD0E2DD00EB965D /* Resources */ = {
			isa = PBXResourcesBuildPhase;
			buildActionMask = 2147483647;
			files = (
			);
			runOnlyForDeploymentPostprocessing = 0;
		};
/* End PBXResourcesBuildPhase section */

/* Begin PBXSourcesBuildPhase section */
		180FB6DF2DD0E2DC00EB965D /* Sources */ = {
			isa = PBXSourcesBuildPhase;
			buildActionMask = 2147483647;
			files = (
			);
			runOnlyForDeploymentPostprocessing = 0;
		};
		180FB6EF2DD0E2DD00EB965D /* Sources */ = {
			isa = PBXSourcesBuildPhase;
			buildActionMask = 2147483647;
			files = (
			);
			runOnlyForDeploymentPostprocessing = 0;
		};
		180FB6F92DD0E2DD00EB965D /* Sources */ = {
			isa = PBXSourcesBuildPhase;
			buildActionMask = 2147483647;
			files = (
			);
			runOnlyForDeploymentPostprocessing = 0;
		};
/* End PBXSourcesBuildPhase section */

/* Begin PBXTargetDependency section */
		180FB6F52DD0E2DD00EB965D /* PBXTargetDependency */ = {
			isa = PBXTargetDependency;
			target = 180FB6E22DD0E2DC00EB965D /* pg_admin */;
			targetProxy = 180FB6F42DD0E2DD00EB965D /* PBXContainerItemProxy */;
		};
		180FB6FF2DD0E2DD00EB965D /* PBXTargetDependency */ = {
			isa = PBXTargetDependency;
			target = 180FB6E22DD0E2DC00EB965D /* pg_admin */;
			targetProxy = 180FB6FE2DD0E2DD00EB965D /* PBXContainerItemProxy */;
		};
/* End PBXTargetDependency section */

/* Begin XCBuildConfiguration section */
		180FB7052DD0E2DD00EB965D /* Debug */ = {
			isa = XCBuildConfiguration;
			buildSettings = {
				ALWAYS_SEARCH_USER_PATHS = NO;
				ASSETCATALOG_COMPILER_GENERATE_SWIFT_ASSET_SYMBOL_EXTENSIONS = YES;
				CLANG_ANALYZER_NONNULL = YES;
				CLANG_ANALYZER_NUMBER_OBJECT_CONVERSION = YES_AGGRESSIVE;
				CLANG_CXX_LANGUAGE_STANDARD = "gnu++20";
				CLANG_ENABLE_MODULES = YES;
				CLANG_ENABLE_OBJC_ARC = YES;
				CLANG_ENABLE_OBJC_WEAK = YES;
				CLANG_WARN_BLOCK_CAPTURE_AUTORELEASING = YES;
				CLANG_WARN_BOOL_CONVERSION = YES;
				CLANG_WARN_COMMA = YES;
				CLANG_WARN_CONSTANT_CONVERSION = YES;
				CLANG_WARN_DEPRECATED_OBJC_IMPLEMENTATIONS = YES;
				CLANG_WARN_DIRECT_OBJC_ISA_USAGE = YES_ERROR;
				CLANG_WARN_DOCUMENTATION_COMMENTS = YES;
				CLANG_WARN_EMPTY_BODY = YES;
				CLANG_WARN_ENUM_CONVERSION = YES;
				CLANG_WARN_INFINITE_RECURSION = YES;
				CLANG_WARN_INT_CONVERSION = YES;
				CLANG_WARN_NON_LITERAL_NULL_CONVERSION = YES;
				CLANG_WARN_OBJC_IMPLICIT_RETAIN_SELF = YES;
				CLANG_WARN_OBJC_LITERAL_CONVERSION = YES;
				CLANG_WARN_OBJC_ROOT_CLASS = YES_ERROR;
				CLANG_WARN_QUOTED_INCLUDE_IN_FRAMEWORK_HEADER = YES;
				CLANG_WARN_RANGE_LOOP_ANALYSIS = YES;
				CLANG_WARN_STRICT_PROTOTYPES = YES;
				CLANG_WARN_SUSPICIOUS_MOVE = YES;
				CLANG_WARN_UNGUARDED_AVAILABILITY = YES_AGGRESSIVE;
				CLANG_WARN_UNREACHABLE_CODE = YES;
				CLANG_WARN__DUPLICATE_METHOD_MATCH = YES;
				COPY_PHASE_STRIP = NO;
				DEBUG_INFORMATION_FORMAT = dwarf;
				ENABLE_STRICT_OBJC_MSGSEND = YES;
				ENABLE_TESTABILITY = YES;
				ENABLE_USER_SCRIPT_SANDBOXING = YES;
				GCC_C_LANGUAGE_STANDARD = gnu17;
				GCC_DYNAMIC_NO_PIC = NO;
				GCC_NO_COMMON_BLOCKS = YES;
				GCC_OPTIMIZATION_LEVEL = 0;
				GCC_PREPROCESSOR_DEFINITIONS = (
					"DEBUG=1",
					"$(inherited)",
				);
				GCC_WARN_64_TO_32_BIT_CONVERSION = YES;
				GCC_WARN_ABOUT_RETURN_TYPE = YES_ERROR;
				GCC_WARN_UNDECLARED_SELECTOR = YES;
				GCC_WARN_UNINITIALIZED_AUTOS = YES_AGGRESSIVE;
				GCC_WARN_UNUSED_FUNCTION = YES;
				GCC_WARN_UNUSED_VARIABLE = YES;
				IPHONEOS_DEPLOYMENT_TARGET = 18.2;
				LOCALIZATION_PREFERS_STRING_CATALOGS = YES;
				MTL_ENABLE_DEBUG_INFO = INCLUDE_SOURCE;
				MTL_FAST_MATH = YES;
				ONLY_ACTIVE_ARCH = YES;
				SDKROOT = iphoneos;
				SWIFT_ACTIVE_COMPILATION_CONDITIONS = "DEBUG $(inherited)";
				SWIFT_OPTIMIZATION_LEVEL = "-Onone";
			};
			name = Debug;
		};
		180FB7062DD0E2DD00EB965D /* Release */ = {
			isa = XCBuildConfiguration;
			buildSettings = {
				ALWAYS_SEARCH_USER_PATHS = NO;
				ASSETCATALOG_COMPILER_GENERATE_SWIFT_ASSET_SYMBOL_EXTENSIONS = YES;
				CLANG_ANALYZER_NONNULL = YES;
				CLANG_ANALYZER_NUMBER_OBJECT_CONVERSION = YES_AGGRESSIVE;
				CLANG_CXX_LANGUAGE_STANDARD = "gnu++20";
				CLANG_ENABLE_MODULES = YES;
				CLANG_ENABLE_OBJC_ARC = YES;
				CLANG_ENABLE_OBJC_WEAK = YES;
				CLANG_WARN_BLOCK_CAPTURE_AUTORELEASING = YES;
				CLANG_WARN_BOOL_CONVERSION = YES;
				CLANG_WARN_COMMA = YES;
				CLANG_WARN_CONSTANT_CONVERSION = YES;
				CLANG_WARN_DEPRECATED_OBJC_IMPLEMENTATIONS = YES;
				CLANG_WARN_DIRECT_OBJC_ISA_USAGE = YES_ERROR;
				CLANG_WARN_DOCUMENTATION_COMMENTS = YES;
				CLANG_WARN_EMPTY_BODY = YES;
				CLANG_WARN_ENUM_CONVERSION = YES;
				CLANG_WARN_INFINITE_RECURSION = YES;
				CLANG_WARN_INT_CONVERSION = YES;
				CLANG_WARN_NON_LITERAL_NULL_CONVERSION = YES;
				CLANG_WARN_OBJC_IMPLICIT_RETAIN_SELF = YES;
				CLANG_WARN_OBJC_LITERAL_CONVERSION = YES;
				CLANG_WARN_OBJC_ROOT_CLASS = YES_ERROR;
				CLANG_WARN_QUOTED_INCLUDE_IN_FRAMEWORK_HEADER = YES;
				CLANG_WARN_RANGE_LOOP_ANALYSIS = YES;
				CLANG_WARN_STRICT_PROTOTYPES = YES;
				CLANG_WARN_SUSPICIOUS_MOVE = YES;
				CLANG_WARN_UNGUARDED_AVAILABILITY = YES_AGGRESSIVE;
				CLANG_WARN_UNREACHABLE_CODE = YES;
				CLANG_WARN__DUPLICATE_METHOD_MATCH = YES;
				COPY_PHASE_STRIP = NO;
				DEBUG_INFORMATION_FORMAT = "dwarf-with-dsym";
				ENABLE_NS_ASSERTIONS = NO;
				ENABLE_STRICT_OBJC_MSGSEND = YES;
				ENABLE_USER_SCRIPT_SANDBOXING = YES;
				GCC_C_LANGUAGE_STANDARD = gnu17;
				GCC_NO_COMMON_BLOCKS = YES;
				GCC_WARN_64_TO_32_BIT_CONVERSION = YES;
				GCC_WARN_ABOUT_RETURN_TYPE = YES_ERROR;
				GCC_WARN_UNDECLARED_SELECTOR = YES;
				GCC_WARN_UNINITIALIZED_AUTOS = YES_AGGRESSIVE;
				GCC_WARN_UNUSED_FUNCTION = YES;
				GCC_WARN_UNUSED_VARIABLE = YES;
				IPHONEOS_DEPLOYMENT_TARGET = 18.2;
				LOCALIZATION_PREFERS_STRING_CATALOGS = YES;
				MTL_ENABLE_DEBUG_INFO = NO;
				MTL_FAST_MATH = YES;
				SDKROOT = iphoneos;
				SWIFT_COMPILATION_MODE = wholemodule;
				VALIDATE_PRODUCT = YES;
			};
			name = Release;
		};
		180FB7082DD0E2DD00EB965D /* Debug */ = {
			isa = XCBuildConfiguration;
			buildSettings = {
				ASSETCATALOG_COMPILER_APPICON_NAME = AppIcon;
				ASSETCATALOG_COMPILER_GLOBAL_ACCENT_COLOR_NAME = AccentColor;
				CODE_SIGN_STYLE = Automatic;
				CURRENT_PROJECT_VERSION = 1;
				DEVELOPMENT_ASSET_PATHS = "\"pg_admin/Preview Content\"";
				DEVELOPMENT_TEAM = HFVFQ4H49X;
				ENABLE_PREVIEWS = YES;
				GENERATE_INFOPLIST_FILE = YES;
				INFOPLIST_KEY_UIApplicationSceneManifest_Generation = YES;
				INFOPLIST_KEY_UIApplicationSupportsIndirectInputEvents = YES;
				INFOPLIST_KEY_UILaunchScreen_Generation = YES;
				INFOPLIST_KEY_UISupportedInterfaceOrientations_iPad = "UIInterfaceOrientationPortrait UIInterfaceOrientationPortraitUpsideDown UIInterfaceOrientationLandscapeLeft UIInterfaceOrientationLandscapeRight";
				INFOPLIST_KEY_UISupportedInterfaceOrientations_iPhone = "UIInterfaceOrientationPortrait UIInterfaceOrientationLandscapeLeft UIInterfaceOrientationLandscapeRight";
				LD_RUNPATH_SEARCH_PATHS = (
					"$(inherited)",
					"@executable_path/Frameworks",
				);
				MARKETING_VERSION = 1.0;
				PRODUCT_BUNDLE_IDENTIFIER = "com.shubham.pg-admin";
				PRODUCT_NAME = "$(TARGET_NAME)";
				SWIFT_EMIT_LOC_STRINGS = YES;
				SWIFT_VERSION = 5.0;
				TARGETED_DEVICE_FAMILY = "1,2";
			};
			name = Debug;
		};
		180FB7092DD0E2DD00EB965D /* Release */ = {
			isa = XCBuildConfiguration;
			buildSettings = {
				ASSETCATALOG_COMPILER_APPICON_NAME = AppIcon;
				ASSETCATALOG_COMPILER_GLOBAL_ACCENT_COLOR_NAME = AccentColor;
				CODE_SIGN_STYLE = Automatic;
				CURRENT_PROJECT_VERSION = 1;
				DEVELOPMENT_ASSET_PATHS = "\"pg_admin/Preview Content\"";
				DEVELOPMENT_TEAM = HFVFQ4H49X;
				ENABLE_PREVIEWS = YES;
				GENERATE_INFOPLIST_FILE = YES;
				INFOPLIST_KEY_UIApplicationSceneManifest_Generation = YES;
				INFOPLIST_KEY_UIApplicationSupportsIndirectInputEvents = YES;
				INFOPLIST_KEY_UILaunchScreen_Generation = YES;
				INFOPLIST_KEY_UISupportedInterfaceOrientations_iPad = "UIInterfaceOrientationPortrait UIInterfaceOrientationPortraitUpsideDown UIInterfaceOrientationLandscapeLeft UIInterfaceOrientationLandscapeRight";
				INFOPLIST_KEY_UISupportedInterfaceOrientations_iPhone = "UIInterfaceOrientationPortrait UIInterfaceOrientationLandscapeLeft UIInterfaceOrientationLandscapeRight";
				LD_RUNPATH_SEARCH_PATHS = (
					"$(inherited)",
					"@executable_path/Frameworks",
				);
				MARKETING_VERSION = 1.0;
				PRODUCT_BUNDLE_IDENTIFIER = "com.shubham.pg-admin";
				PRODUCT_NAME = "$(TARGET_NAME)";
				SWIFT_EMIT_LOC_STRINGS = YES;
				SWIFT_VERSION = 5.0;
				TARGETED_DEVICE_FAMILY = "1,2";
			};
			name = Release;
		};
		180FB70B2DD0E2DD00EB965D /* Debug */ = {
			isa = XCBuildConfiguration;
			buildSettings = {
				BUNDLE_LOADER = "$(TEST_HOST)";
				CODE_SIGN_STYLE = Automatic;
				CURRENT_PROJECT_VERSION = 1;
				DEVELOPMENT_TEAM = HFVFQ4H49X;
				GENERATE_INFOPLIST_FILE = YES;
				IPHONEOS_DEPLOYMENT_TARGET = 18.2;
				MARKETING_VERSION = 1.0;
				PRODUCT_BUNDLE_IDENTIFIER = "com.shubham.pg-adminTests";
				PRODUCT_NAME = "$(TARGET_NAME)";
				SWIFT_EMIT_LOC_STRINGS = NO;
				SWIFT_VERSION = 5.0;
				TARGETED_DEVICE_FAMILY = "1,2";
				TEST_HOST = "$(BUILT_PRODUCTS_DIR)/pg_admin.app/$(BUNDLE_EXECUTABLE_FOLDER_PATH)/pg_admin";
			};
			name = Debug;
		};
		180FB70C2DD0E2DD00EB965D /* Release */ = {
			isa = XCBuildConfiguration;
			buildSettings = {
				BUNDLE_LOADER = "$(TEST_HOST)";
				CODE_SIGN_STYLE = Automatic;
				CURRENT_PROJECT_VERSION = 1;
				DEVELOPMENT_TEAM = HFVFQ4H49X;
				GENERATE_INFOPLIST_FILE = YES;
				IPHONEOS_DEPLOYMENT_TARGET = 18.2;
				MARKETING_VERSION = 1.0;
				PRODUCT_BUNDLE_IDENTIFIER = "com.shubham.pg-adminTests";
				PRODUCT_NAME = "$(TARGET_NAME)";
				SWIFT_EMIT_LOC_STRINGS = NO;
				SWIFT_VERSION = 5.0;
				TARGETED_DEVICE_FAMILY = "1,2";
				TEST_HOST = "$(BUILT_PRODUCTS_DIR)/pg_admin.app/$(BUNDLE_EXECUTABLE_FOLDER_PATH)/pg_admin";
			};
			name = Release;
		};
		180FB70E2DD0E2DD00EB965D /* Debug */ = {
			isa = XCBuildConfiguration;
			buildSettings = {
				CODE_SIGN_STYLE = Automatic;
				CURRENT_PROJECT_VERSION = 1;
				DEVELOPMENT_TEAM = HFVFQ4H49X;
				GENERATE_INFOPLIST_FILE = YES;
				MARKETING_VERSION = 1.0;
				PRODUCT_BUNDLE_IDENTIFIER = "com.shubham.pg-adminUITests";
				PRODUCT_NAME = "$(TARGET_NAME)";
				SWIFT_EMIT_LOC_STRINGS = NO;
				SWIFT_VERSION = 5.0;
				TARGETED_DEVICE_FAMILY = "1,2";
				TEST_TARGET_NAME = pg_admin;
			};
			name = Debug;
		};
		180FB70F2DD0E2DD00EB965D /* Release */ = {
			isa = XCBuildConfiguration;
			buildSettings = {
				CODE_SIGN_STYLE = Automatic;
				CURRENT_PROJECT_VERSION = 1;
				DEVELOPMENT_TEAM = HFVFQ4H49X;
				GENERATE_INFOPLIST_FILE = YES;
				MARKETING_VERSION = 1.0;
				PRODUCT_BUNDLE_IDENTIFIER = "com.shubham.pg-adminUITests";
				PRODUCT_NAME = "$(TARGET_NAME)";
				SWIFT_EMIT_LOC_STRINGS = NO;
				SWIFT_VERSION = 5.0;
				TARGETED_DEVICE_FAMILY = "1,2";
				TEST_TARGET_NAME = pg_admin;
			};
			name = Release;
		};
/* End XCBuildConfiguration section */

/* Begin XCConfigurationList section */
		180FB6DE2DD0E2DC00EB965D /* Build configuration list for PBXProject "pg_admin" */ = {
			isa = XCConfigurationList;
			buildConfigurations = (
				180FB7052DD0E2DD00EB965D /* Debug */,
				180FB7062DD0E2DD00EB965D /* Release */,
			);
			defaultConfigurationIsVisible = 0;
			defaultConfigurationName = Release;
		};
		180FB7072DD0E2DD00EB965D /* Build configuration list for PBXNativeTarget "pg_admin" */ = {
			isa = XCConfigurationList;
			buildConfigurations = (
				180FB7082DD0E2DD00EB965D /* Debug */,
				180FB7092DD0E2DD00EB965D /* Release */,
			);
			defaultConfigurationIsVisible = 0;
			defaultConfigurationName = Release;
		};
		180FB70A2DD0E2DD00EB965D /* Build configuration list for PBXNativeTarget "pg_adminTests" */ = {
			isa = XCConfigurationList;
			buildConfigurations = (
				180FB70B2DD0E2DD00EB965D /* Debug */,
				180FB70C2DD0E2DD00EB965D /* Release */,
			);
			defaultConfigurationIsVisible = 0;
			defaultConfigurationName = Release;
		};
		180FB70D2DD0E2DD00EB965D /* Build configuration list for PBXNativeTarget "pg_adminUITests" */ = {
			isa = XCConfigurationList;
			buildConfigurations = (
				180FB70E2DD0E2DD00EB965D /* Debug */,
				180FB70F2DD0E2DD00EB965D /* Release */,
			);
			defaultConfigurationIsVisible = 0;
			defaultConfigurationName = Release;
		};
/* End XCConfigurationList section */
	};
	rootObject = 180FB6DB2DD0E2DC00EB965D /* Project object */;
}
